
Microsoft Visual Studio Solution File, Format Version 12.00
# Visual Studio Version 16
VisualStudioVersion = 16.0.29001.49
MinimumVisualStudioVersion = 10.0.40219.1
Project("{FAE04EC0-301F-11D3-BF4B-00C04F79EFBC}") = "HX711", "HX711\HX711.csproj", "{5F21F162-816F-4CF5-9844-03861B518D96}"
EndProject
Global
	GlobalSection(SolutionConfigurationPlatforms) = preSolution
		Debug|Any CPU = Debug|Any CPU
		Release|Any CPU = Release|Any CPU
	EndGlobalSection
	GlobalSection(ProjectConfigurationPlatforms) = postSolution
		{5F21F162-816F-4CF5-9844-03861B518D96}.Debug|Any CPU.ActiveCfg = Debug|Any CPU
		{5F21F162-816F-4CF5-9844-03861B518D96}.Debug|Any CPU.Build.0 = Debug|Any CPU
		{5F21F162-816F-4CF5-9844-03861B518D96}.Release|Any CPU.ActiveCfg = Release|Any CPU
		{5F21F162-816F-4CF5-9844-03861B518D96}.Release|Any CPU.Build.0 = Release|Any CPU
	EndGlobalSection
	GlobalSection(SolutionProperties) = preSolution
		HideSolutionNode = FALSE
	EndGlobalSection
	GlobalSection(ExtensibilityGlobals) = postSolution
		SolutionGuid = {4C618158-EF2C-4646-8FD6-0D95552ECA91}
	EndGlobalSection
EndGlobal
